{
  "name": "amrogen",
  "version": "1.0.0",
  "lockfileVersion": 3,
  "requires": true,
  "packages": {
    "": {
      "name": "amrogen",
      "version": "1.0.0",
      "dependencies": {
        "@anthropic-ai/claude-agent-sdk": "^0.1.0",
        "@anthropic-ai/sdk": "^0.27.0",
        "@google/generative-ai": "^0.21.0",
        "@hyperbrowser/sdk": "^1.0.0"
      }
    }
  }
}
